// !$*UTF8*$!
{
	archiveVersion = 1;
	classes = {
	};
	objectVersion = 50;
	objects = {

/* Begin PBXBuildFile section */
		5202DAB724509DBC0031FB82 /* SANewsViewController.m in Sources */ = {isa = PBXBuildFile; fileRef = 5202DAB624509DBC0031FB82 /* SANewsViewController.m */; };
		5202DABA2450D5720031FB82 /* SAVideoViewController.m in Sources */ = {isa = PBXBuildFile; fileRef = 5202DAB92450D5720031FB82 /* SAVideoViewController.m */; };
		52378709245B486800C2A09E /* SAListLoader.m in Sources */ = {isa = PBXBuildFile; fileRef = 52378708245B486800C2A09E /* SAListLoader.m */; };
		524D2AF62451F244000AAC8D /* SARecommendViewController.m in Sources */ = {isa = PBXBuildFile; fileRef = 524D2AF52451F244000AAC8D /* SARecommendViewController.m */; };
		524D2AF924523C9C000AAC8D /* SANormalTableViewCell.m in Sources */ = {isa = PBXBuildFile; fileRef = 524D2AF824523C9C000AAC8D /* SANormalTableViewCell.m */; };
		52607E832459EBF000028398 /* SADeleteCellView.m in Sources */ = {isa = PBXBuildFile; fileRef = 52607E822459EBF000028398 /* SADeleteCellView.m */; };
		526BE76B245CAC0800F5289C /* SAListItem.m in Sources */ = {isa = PBXBuildFile; fileRef = 526BE76A245CAC0800F5289C /* SAListItem.m */; };
		52D0ADC6244E2285003F3149 /* AppDelegate.m in Sources */ = {isa = PBXBuildFile; fileRef = 52D0ADC5244E2285003F3149 /* AppDelegate.m */; };
		52D0ADCC244E2285003F3149 /* SAContactViewController.m in Sources */ = {isa = PBXBuildFile; fileRef = 52D0ADCB244E2285003F3149 /* SAContactViewController.m */; };
		52D0ADD1244E2286003F3149 /* Assets.xcassets in Resources */ = {isa = PBXBuildFile; fileRef = 52D0ADD0244E2286003F3149 /* Assets.xcassets */; };
		52D0ADD4244E2286003F3149 /* LaunchScreen.storyboard in Resources */ = {isa = PBXBuildFile; fileRef = 52D0ADD2244E2286003F3149 /* LaunchScreen.storyboard */; };
		52D0ADD7244E2286003F3149 /* main.m in Sources */ = {isa = PBXBuildFile; fileRef = 52D0ADD6244E2286003F3149 /* main.m */; };
		52FD6CFB2454A9EA002DB84D /* NewsDetailViewController.m in Sources */ = {isa = PBXBuildFile; fileRef = 52FD6CFA2454A9EA002DB84D /* NewsDetailViewController.m */; };
		E76DCE4E1A416A30F094A0F2 /* libPods-SampleApp.a in Frameworks */ = {isa = PBXBuildFile; fileRef = 6628B66D99800F8C65CE6B2E /* libPods-SampleApp.a */; };
/* End PBXBuildFile section */

/* Begin PBXFileReference section */
		436075D462A383D86111CD79 /* Pods-SampleApp.release.xcconfig */ = {isa = PBXFileReference; includeInIndex = 1; lastKnownFileType = text.xcconfig; name = "Pods-SampleApp.release.xcconfig"; path = "Target Support Files/Pods-SampleApp/Pods-SampleApp.release.xcconfig"; sourceTree = "<group>"; };
		5202DAB524509DBC0031FB82 /* SANewsViewController.h */ = {isa = PBXFileReference; lastKnownFileType = sourcecode.c.h; path = SANewsViewController.h; sourceTree = "<group>"; };
		5202DAB624509DBC0031FB82 /* SANewsViewController.m */ = {isa = PBXFileReference; lastKnownFileType = sourcecode.c.objc; path = SANewsViewController.m; sourceTree = "<group>"; };
		5202DAB82450D5720031FB82 /* SAVideoViewController.h */ = {isa = PBXFileReference; lastKnownFileType = sourcecode.c.h; path = SAVideoViewController.h; sourceTree = "<group>"; };
		5202DAB92450D5720031FB82 /* SAVideoViewController.m */ = {isa = PBXFileReference; lastKnownFileType = sourcecode.c.objc; path = SAVideoViewController.m; sourceTree = "<group>"; };
		523608A7245C92AC00BBD31A /* SAListItem.h */ = {isa = PBXFileReference; lastKnownFileType = sourcecode.c.h; path = SAListItem.h; sourceTree = "<group>"; };
		52378707245B486800C2A09E /* SAListLoader.h */ = {isa = PBXFileReference; lastKnownFileType = sourcecode.c.h; path = SAListLoader.h; sourceTree = "<group>"; };
		52378708245B486800C2A09E /* SAListLoader.m */ = {isa = PBXFileReference; lastKnownFileType = sourcecode.c.objc; path = SAListLoader.m; sourceTree = "<group>"; };
		524D2AF42451F244000AAC8D /* SARecommendViewController.h */ = {isa = PBXFileReference; lastKnownFileType = sourcecode.c.h; path = SARecommendViewController.h; sourceTree = "<group>"; };
		524D2AF52451F244000AAC8D /* SARecommendViewController.m */ = {isa = PBXFileReference; lastKnownFileType = sourcecode.c.objc; path = SARecommendViewController.m; sourceTree = "<group>"; };
		524D2AF724523C9C000AAC8D /* SANormalTableViewCell.h */ = {isa = PBXFileReference; lastKnownFileType = sourcecode.c.h; path = SANormalTableViewCell.h; sourceTree = "<group>"; };
		524D2AF824523C9C000AAC8D /* SANormalTableViewCell.m */ = {isa = PBXFileReference; lastKnownFileType = sourcecode.c.objc; path = SANormalTableViewCell.m; sourceTree = "<group>"; };
		52607E812459EBF000028398 /* SADeleteCellView.h */ = {isa = PBXFileReference; lastKnownFileType = sourcecode.c.h; path = SADeleteCellView.h; sourceTree = "<group>"; };
		52607E822459EBF000028398 /* SADeleteCellView.m */ = {isa = PBXFileReference; lastKnownFileType = sourcecode.c.objc; path = SADeleteCellView.m; sourceTree = "<group>"; };
		526BE76A245CAC0800F5289C /* SAListItem.m */ = {isa = PBXFileReference; lastKnownFileType = sourcecode.c.objc; path = SAListItem.m; sourceTree = "<group>"; };
		527A126224538260008FAA73 /* SAContactViewController.h */ = {isa = PBXFileReference; fileEncoding = 4; lastKnownFileType = sourcecode.c.h; path = SAContactViewController.h; sourceTree = "<group>"; };
		52D0ADC1244E2285003F3149 /* SampleApp.app */ = {isa = PBXFileReference; explicitFileType = wrapper.application; includeInIndex = 0; path = SampleApp.app; sourceTree = BUILT_PRODUCTS_DIR; };
		52D0ADC4244E2285003F3149 /* AppDelegate.h */ = {isa = PBXFileReference; lastKnownFileType = sourcecode.c.h; path = AppDelegate.h; sourceTree = "<group>"; };
		52D0ADC5244E2285003F3149 /* AppDelegate.m */ = {isa = PBXFileReference; lastKnownFileType = sourcecode.c.objc; path = AppDelegate.m; sourceTree = "<group>"; };
		52D0ADCB244E2285003F3149 /* SAContactViewController.m */ = {isa = PBXFileReference; lastKnownFileType = sourcecode.c.objc; path = SAContactViewController.m; sourceTree = "<group>"; };
		52D0ADD0244E2286003F3149 /* Assets.xcassets */ = {isa = PBXFileReference; lastKnownFileType = folder.assetcatalog; path = Assets.xcassets; sourceTree = "<group>"; };
		52D0ADD3244E2286003F3149 /* Base */ = {isa = PBXFileReference; lastKnownFileType = file.storyboard; name = Base; path = Base.lproj/LaunchScreen.storyboard; sourceTree = "<group>"; };
		52D0ADD5244E2286003F3149 /* Info.plist */ = {isa = PBXFileReference; lastKnownFileType = text.plist.xml; path = Info.plist; sourceTree = "<group>"; };
		52D0ADD6244E2286003F3149 /* main.m */ = {isa = PBXFileReference; lastKnownFileType = sourcecode.c.objc; path = main.m; sourceTree = "<group>"; };
		52FD6CF92454A9EA002DB84D /* NewsDetailViewController.h */ = {isa = PBXFileReference; lastKnownFileType = sourcecode.c.h; path = NewsDetailViewController.h; sourceTree = "<group>"; };
		52FD6CFA2454A9EA002DB84D /* NewsDetailViewController.m */ = {isa = PBXFileReference; lastKnownFileType = sourcecode.c.objc; path = NewsDetailViewController.m; sourceTree = "<group>"; };
		6628B66D99800F8C65CE6B2E /* libPods-SampleApp.a */ = {isa = PBXFileReference; explicitFileType = archive.ar; includeInIndex = 0; path = "libPods-SampleApp.a"; sourceTree = BUILT_PRODUCTS_DIR; };
		D8FAD16350236B43D141AF23 /* Pods-SampleApp.debug.xcconfig */ = {isa = PBXFileReference; includeInIndex = 1; lastKnownFileType = text.xcconfig; name = "Pods-SampleApp.debug.xcconfig"; path = "Target Support Files/Pods-SampleApp/Pods-SampleApp.debug.xcconfig"; sourceTree = "<group>"; };
/* End PBXFileReference section */

/* Begin PBXFrameworksBuildPhase section */
		52D0ADBE244E2285003F3149 /* Frameworks */ = {
			isa = PBXFrameworksBuildPhase;
			buildActionMask = 2147483647;
			files = (
				E76DCE4E1A416A30F094A0F2 /* libPods-SampleApp.a in Frameworks */,
			);
			runOnlyForDeploymentPostprocessing = 0;
		};
/* End PBXFrameworksBuildPhase section */

/* Begin PBXGroup section */
		523608A5245C920500BBD31A /* model */ = {
			isa = PBXGroup;
			children = (
				52378707245B486800C2A09E /* SAListLoader.h */,
				52378708245B486800C2A09E /* SAListLoader.m */,
				523608A7245C92AC00BBD31A /* SAListItem.h */,
				526BE76A245CAC0800F5289C /* SAListItem.m */,
			);
			path = model;
			sourceTree = "<group>";
		};
		523608A6245C922E00BBD31A /* view */ = {
			isa = PBXGroup;
			children = (
				524D2AF724523C9C000AAC8D /* SANormalTableViewCell.h */,
				524D2AF824523C9C000AAC8D /* SANormalTableViewCell.m */,
				52607E812459EBF000028398 /* SADeleteCellView.h */,
				52607E822459EBF000028398 /* SADeleteCellView.m */,
			);
			path = view;
			sourceTree = "<group>";
		};
		52378700245B321400C2A09E /* NewsController */ = {
			isa = PBXGroup;
			children = (
				523608A5245C920500BBD31A /* model */,
				523608A6245C922E00BBD31A /* view */,
				52378705245B340E00C2A09E /* controller */,
				52378706245B341600C2A09E /* detail */,
			);
			path = NewsController;
			sourceTree = "<group>";
		};
		52378701245B327800C2A09E /* VideoController */ = {
			isa = PBXGroup;
			children = (
				5202DAB82450D5720031FB82 /* SAVideoViewController.h */,
				5202DAB92450D5720031FB82 /* SAVideoViewController.m */,
			);
			path = VideoController;
			sourceTree = "<group>";
		};
		52378702245B328F00C2A09E /* ContactController */ = {
			isa = PBXGroup;
			children = (
				527A126224538260008FAA73 /* SAContactViewController.h */,
				52D0ADCB244E2285003F3149 /* SAContactViewController.m */,
			);
			path = ContactController;
			sourceTree = "<group>";
		};
		52378703245B32A700C2A09E /* RecommendController */ = {
			isa = PBXGroup;
			children = (
				524D2AF42451F244000AAC8D /* SARecommendViewController.h */,
				524D2AF52451F244000AAC8D /* SARecommendViewController.m */,
			);
			path = RecommendController;
			sourceTree = "<group>";
		};
		52378704245B32BD00C2A09E /* SupportingFiles */ = {
			isa = PBXGroup;
			children = (
				52D0ADD2244E2286003F3149 /* LaunchScreen.storyboard */,
				52D0ADC4244E2285003F3149 /* AppDelegate.h */,
				52D0ADC5244E2285003F3149 /* AppDelegate.m */,
				52D0ADD0244E2286003F3149 /* Assets.xcassets */,
				52D0ADD6244E2286003F3149 /* main.m */,
			);
			path = SupportingFiles;
			sourceTree = "<group>";
		};
		52378705245B340E00C2A09E /* controller */ = {
			isa = PBXGroup;
			children = (
				5202DAB524509DBC0031FB82 /* SANewsViewController.h */,
				5202DAB624509DBC0031FB82 /* SANewsViewController.m */,
			);
			path = controller;
			sourceTree = "<group>";
		};
		52378706245B341600C2A09E /* detail */ = {
			isa = PBXGroup;
			children = (
				52FD6CF92454A9EA002DB84D /* NewsDetailViewController.h */,
				52FD6CFA2454A9EA002DB84D /* NewsDetailViewController.m */,
			);
			path = detail;
			sourceTree = "<group>";
		};
		52D0ADB8244E2285003F3149 = {
			isa = PBXGroup;
			children = (
				52D0ADC3244E2285003F3149 /* SampleApp */,
				52D0ADC2244E2285003F3149 /* Products */,
				BDF76D9C9EA7E37132B74841 /* Pods */,
				B6570475CB0C70ECA34EF6F4 /* Frameworks */,
			);
			sourceTree = "<group>";
		};
		52D0ADC2244E2285003F3149 /* Products */ = {
			isa = PBXGroup;
			children = (
				52D0ADC1244E2285003F3149 /* SampleApp.app */,
			);
			name = Products;
			sourceTree = "<group>";
		};
		52D0ADC3244E2285003F3149 /* SampleApp */ = {
			isa = PBXGroup;
			children = (
				52D0ADD5244E2286003F3149 /* Info.plist */,
				52378702245B328F00C2A09E /* ContactController */,
				52378700245B321400C2A09E /* NewsController */,
				52378701245B327800C2A09E /* VideoController */,
				52378703245B32A700C2A09E /* RecommendController */,
				52378704245B32BD00C2A09E /* SupportingFiles */,
			);
			path = SampleApp;
			sourceTree = "<group>";
		};
		B6570475CB0C70ECA34EF6F4 /* Frameworks */ = {
			isa = PBXGroup;
			children = (
				6628B66D99800F8C65CE6B2E /* libPods-SampleApp.a */,
			);
			name = Frameworks;
			sourceTree = "<group>";
		};
		BDF76D9C9EA7E37132B74841 /* Pods */ = {
			isa = PBXGroup;
			children = (
				D8FAD16350236B43D141AF23 /* Pods-SampleApp.debug.xcconfig */,
				436075D462A383D86111CD79 /* Pods-SampleApp.release.xcconfig */,
			);
			path = Pods;
			sourceTree = "<group>";
		};
/* End PBXGroup section */

/* Begin PBXNativeTarget section */
		52D0ADC0244E2285003F3149 /* SampleApp */ = {
			isa = PBXNativeTarget;
			buildConfigurationList = 52D0ADDA244E2286003F3149 /* Build configuration list for PBXNativeTarget "SampleApp" */;
			buildPhases = (
				05935D49889EBBADB0A5AF24 /* [CP] Check Pods Manifest.lock */,
				52D0ADBD244E2285003F3149 /* Sources */,
				52D0ADBE244E2285003F3149 /* Frameworks */,
				52D0ADBF244E2285003F3149 /* Resources */,
			);
			buildRules = (
			);
			dependencies = (
			);
			name = SampleApp;
			productName = SampleApp;
			productReference = 52D0ADC1244E2285003F3149 /* SampleApp.app */;
			productType = "com.apple.product-type.application";
		};
/* End PBXNativeTarget section */

/* Begin PBXProject section */
		52D0ADB9244E2285003F3149 /* Project object */ = {
			isa = PBXProject;
			attributes = {
				LastUpgradeCheck = 1140;
				ORGANIZATIONNAME = "John Lee";
				TargetAttributes = {
					52D0ADC0244E2285003F3149 = {
						CreatedOnToolsVersion = 11.4.1;
					};
				};
			};
			buildConfigurationList = 52D0ADBC244E2285003F3149 /* Build configuration list for PBXProject "SampleApp" */;
			compatibilityVersion = "Xcode 9.3";
			developmentRegion = en;
			hasScannedForEncodings = 0;
			knownRegions = (
				en,
				Base,
			);
			mainGroup = 52D0ADB8244E2285003F3149;
			productRefGroup = 52D0ADC2244E2285003F3149 /* Products */;
			projectDirPath = "";
			projectRoot = "";
			targets = (
				52D0ADC0244E2285003F3149 /* SampleApp */,
			);
		};
/* End PBXProject section */

/* Begin PBXResourcesBuildPhase section */
		52D0ADBF244E2285003F3149 /* Resources */ = {
			isa = PBXResourcesBuildPhase;
			buildActionMask = 2147483647;
			files = (
				52D0ADD4244E2286003F3149 /* LaunchScreen.storyboard in Resources */,
				52D0ADD1244E2286003F3149 /* Assets.xcassets in Resources */,
			);
			runOnlyForDeploymentPostprocessing = 0;
		};
/* End PBXResourcesBuildPhase section */

/* Begin PBXShellScriptBuildPhase section */
		05935D49889EBBADB0A5AF24 /* [CP] Check Pods Manifest.lock */ = {
			isa = PBXShellScriptBuildPhase;
			buildActionMask = 2147483647;
			files = (
			);
			inputFileListPaths = (
			);
			inputPaths = (
				"${PODS_PODFILE_DIR_PATH}/Podfile.lock",
				"${PODS_ROOT}/Manifest.lock",
			);
			name = "[CP] Check Pods Manifest.lock";
			outputFileListPaths = (
			);
			outputPaths = (
				"$(DERIVED_FILE_DIR)/Pods-SampleApp-checkManifestLockResult.txt",
			);
			runOnlyForDeploymentPostprocessing = 0;
			shellPath = /bin/sh;
			shellScript = "diff \"${PODS_PODFILE_DIR_PATH}/Podfile.lock\" \"${PODS_ROOT}/Manifest.lock\" > /dev/null\nif [ $? != 0 ] ; then\n    # print error to STDERR\n    echo \"error: The sandbox is not in sync with the Podfile.lock. Run 'pod install' or update your CocoaPods installation.\" >&2\n    exit 1\nfi\n# This output is used by Xcode 'outputs' to avoid re-running this script phase.\necho \"SUCCESS\" > \"${SCRIPT_OUTPUT_FILE_0}\"\n";
			showEnvVarsInLog = 0;
		};
/* End PBXShellScriptBuildPhase section */

/* Begin PBXSourcesBuildPhase section */
		52D0ADBD244E2285003F3149 /* Sources */ = {
			isa = PBXSourcesBuildPhase;
			buildActionMask = 2147483647;
			files = (
				52378709245B486800C2A09E /* SAListLoader.m in Sources */,
				5202DABA2450D5720031FB82 /* SAVideoViewController.m in Sources */,
				52607E832459EBF000028398 /* SADeleteCellView.m in Sources */,
				52D0ADCC244E2285003F3149 /* SAContactViewController.m in Sources */,
				5202DAB724509DBC0031FB82 /* SANewsViewController.m in Sources */,
				52D0ADC6244E2285003F3149 /* AppDelegate.m in Sources */,
				52FD6CFB2454A9EA002DB84D /* NewsDetailViewController.m in Sources */,
				526BE76B245CAC0800F5289C /* SAListItem.m in Sources */,
				52D0ADD7244E2286003F3149 /* main.m in Sources */,
				524D2AF62451F244000AAC8D /* SARecommendViewController.m in Sources */,
				524D2AF924523C9C000AAC8D /* SANormalTableViewCell.m in Sources */,
			);
			runOnlyForDeploymentPostprocessing = 0;
		};
/* End PBXSourcesBuildPhase section */

/* Begin PBXVariantGroup section */
		52D0ADD2244E2286003F3149 /* LaunchScreen.storyboard */ = {
			isa = PBXVariantGroup;
			children = (
				52D0ADD3244E2286003F3149 /* Base */,
			);
			name = LaunchScreen.storyboard;
			sourceTree = "<group>";
		};
/* End PBXVariantGroup section */

/* Begin XCBuildConfiguration section */
		52D0ADD8244E2286003F3149 /* Debug */ = {
			isa = XCBuildConfiguration;
			buildSettings = {
				ALWAYS_SEARCH_USER_PATHS = NO;
				CLANG_ANALYZER_NONNULL = YES;
				CLANG_ANALYZER_NUMBER_OBJECT_CONVERSION = YES_AGGRESSIVE;
				CLANG_CXX_LANGUAGE_STANDARD = "gnu++14";
				CLANG_CXX_LIBRARY = "libc++";
				CLANG_ENABLE_MODULES = YES;
				CLANG_ENABLE_OBJC_ARC = YES;
				CLANG_ENABLE_OBJC_WEAK = YES;
				CLANG_WARN_BLOCK_CAPTURE_AUTORELEASING = YES;
				CLANG_WARN_BOOL_CONVERSION = YES;
				CLANG_WARN_COMMA = YES;
				CLANG_WARN_CONSTANT_CONVERSION = YES;
				CLANG_WARN_DEPRECATED_OBJC_IMPLEMENTATIONS = YES;
				CLANG_WARN_DIRECT_OBJC_ISA_USAGE = YES_ERROR;
				CLANG_WARN_DOCUMENTATION_COMMENTS = YES;
				CLANG_WARN_EMPTY_BODY = YES;
				CLANG_WARN_ENUM_CONVERSION = YES;
				CLANG_WARN_INFINITE_RECURSION = YES;
				CLANG_WARN_INT_CONVERSION = YES;
				CLANG_WARN_NON_LITERAL_NULL_CONVERSION = YES;
				CLANG_WARN_OBJC_IMPLICIT_RETAIN_SELF = YES;
				CLANG_WARN_OBJC_LITERAL_CONVERSION = YES;
				CLANG_WARN_OBJC_ROOT_CLASS = YES_ERROR;
				CLANG_WARN_RANGE_LOOP_ANALYSIS = YES;
				CLANG_WARN_STRICT_PROTOTYPES = YES;
				CLANG_WARN_SUSPICIOUS_MOVE = YES;
				CLANG_WARN_UNGUARDED_AVAILABILITY = YES_AGGRESSIVE;
				CLANG_WARN_UNREACHABLE_CODE = YES;
				CLANG_WARN__DUPLICATE_METHOD_MATCH = YES;
				COPY_PHASE_STRIP = NO;
				DEBUG_INFORMATION_FORMAT = dwarf;
				ENABLE_STRICT_OBJC_MSGSEND = YES;
				ENABLE_TESTABILITY = YES;
				GCC_C_LANGUAGE_STANDARD = gnu11;
				GCC_DYNAMIC_NO_PIC = NO;
				GCC_NO_COMMON_BLOCKS = YES;
				GCC_OPTIMIZATION_LEVEL = 0;
				GCC_PREPROCESSOR_DEFINITIONS = (
					"DEBUG=1",
					"$(inherited)",
				);
				GCC_WARN_64_TO_32_BIT_CONVERSION = YES;
				GCC_WARN_ABOUT_RETURN_TYPE = YES_ERROR;
				GCC_WARN_UNDECLARED_SELECTOR = YES;
				GCC_WARN_UNINITIALIZED_AUTOS = YES_AGGRESSIVE;
				GCC_WARN_UNUSED_FUNCTION = YES;
				GCC_WARN_UNUSED_VARIABLE = YES;
				IPHONEOS_DEPLOYMENT_TARGET = 13.0;
				MTL_ENABLE_DEBUG_INFO = INCLUDE_SOURCE;
				MTL_FAST_MATH = YES;
				ONLY_ACTIVE_ARCH = YES;
				SDKROOT = iphoneos;
			};
			name = Debug;
		};
		52D0ADD9244E2286003F3149 /* Release */ = {
			isa = XCBuildConfiguration;
			buildSettings = {
				ALWAYS_SEARCH_USER_PATHS = NO;
				CLANG_ANALYZER_NONNULL = YES;
				CLANG_ANALYZER_NUMBER_OBJECT_CONVERSION = YES_AGGRESSIVE;
				CLANG_CXX_LANGUAGE_STANDARD = "gnu++14";
				CLANG_CXX_LIBRARY = "libc++";
				CLANG_ENABLE_MODULES = YES;
				CLANG_ENABLE_OBJC_ARC = YES;
				CLANG_ENABLE_OBJC_WEAK = YES;
				CLANG_WARN_BLOCK_CAPTURE_AUTORELEASING = YES;
				CLANG_WARN_BOOL_CONVERSION = YES;
				CLANG_WARN_COMMA = YES;
				CLANG_WARN_CONSTANT_CONVERSION = YES;
				CLANG_WARN_DEPRECATED_OBJC_IMPLEMENTATIONS = YES;
				CLANG_WARN_DIRECT_OBJC_ISA_USAGE = YES_ERROR;
				CLANG_WARN_DOCUMENTATION_COMMENTS = YES;
				CLANG_WARN_EMPTY_BODY = YES;
				CLANG_WARN_ENUM_CONVERSION = YES;
				CLANG_WARN_INFINITE_RECURSION = YES;
				CLANG_WARN_INT_CONVERSION = YES;
				CLANG_WARN_NON_LITERAL_NULL_CONVERSION = YES;
				CLANG_WARN_OBJC_IMPLICIT_RETAIN_SELF = YES;
				CLANG_WARN_OBJC_LITERAL_CONVERSION = YES;
				CLANG_WARN_OBJC_ROOT_CLASS = YES_ERROR;
				CLANG_WARN_RANGE_LOOP_ANALYSIS = YES;
				CLANG_WARN_STRICT_PROTOTYPES = YES;
				CLANG_WARN_SUSPICIOUS_MOVE = YES;
				CLANG_WARN_UNGUARDED_AVAILABILITY = YES_AGGRESSIVE;
				CLANG_WARN_UNREACHABLE_CODE = YES;
				CLANG_WARN__DUPLICATE_METHOD_MATCH = YES;
				COPY_PHASE_STRIP = NO;
				DEBUG_INFORMATION_FORMAT = "dwarf-with-dsym";
				ENABLE_NS_ASSERTIONS = NO;
				ENABLE_STRICT_OBJC_MSGSEND = YES;
				GCC_C_LANGUAGE_STANDARD = gnu11;
				GCC_NO_COMMON_BLOCKS = YES;
				GCC_WARN_64_TO_32_BIT_CONVERSION = YES;
				GCC_WARN_ABOUT_RETURN_TYPE = YES_ERROR;
				GCC_WARN_UNDECLARED_SELECTOR = YES;
				GCC_WARN_UNINITIALIZED_AUTOS = YES_AGGRESSIVE;
				GCC_WARN_UNUSED_FUNCTION = YES;
				GCC_WARN_UNUSED_VARIABLE = YES;
				IPHONEOS_DEPLOYMENT_TARGET = 13.0;
				MTL_ENABLE_DEBUG_INFO = NO;
				MTL_FAST_MATH = YES;
				SDKROOT = iphoneos;
				VALIDATE_PRODUCT = YES;
			};
			name = Release;
		};
		52D0ADDB244E2286003F3149 /* Debug */ = {
			isa = XCBuildConfiguration;
			baseConfigurationReference = D8FAD16350236B43D141AF23 /* Pods-SampleApp.debug.xcconfig */;
			buildSettings = {
				ASSETCATALOG_COMPILER_APPICON_NAME = AppIcon;
				CODE_SIGN_STYLE = Automatic;
				DEVELOPMENT_TEAM = S9RF67765F;
				INFOPLIST_FILE = SampleApp/Info.plist;
				LD_RUNPATH_SEARCH_PATHS = (
					"$(inherited)",
					"@executable_path/Frameworks",
				);
				PRODUCT_BUNDLE_IDENTIFIER = com.phenix.SampleApp;
				PRODUCT_NAME = "$(TARGET_NAME)";
				TARGETED_DEVICE_FAMILY = 1;
			};
			name = Debug;
		};
		52D0ADDC244E2286003F3149 /* Release */ = {
			isa = XCBuildConfiguration;
			baseConfigurationReference = 436075D462A383D86111CD79 /* Pods-SampleApp.release.xcconfig */;
			buildSettings = {
				ASSETCATALOG_COMPILER_APPICON_NAME = AppIcon;
				CODE_SIGN_STYLE = Automatic;
				DEVELOPMENT_TEAM = S9RF67765F;
				INFOPLIST_FILE = SampleApp/Info.plist;
				LD_RUNPATH_SEARCH_PATHS = (
					"$(inherited)",
					"@executable_path/Frameworks",
				);
				PRODUCT_BUNDLE_IDENTIFIER = com.phenix.SampleApp;
				PRODUCT_NAME = "$(TARGET_NAME)";
				TARGETED_DEVICE_FAMILY = 1;
			};
			name = Release;
		};
/* End XCBuildConfiguration section */

/* Begin XCConfigurationList section */
		52D0ADBC244E2285003F3149 /* Build configuration list for PBXProject "SampleApp" */ = {
			isa = XCConfigurationList;
			buildConfigurations = (
				52D0ADD8244E2286003F3149 /* Debug */,
				52D0ADD9244E2286003F3149 /* Release */,
			);
			defaultConfigurationIsVisible = 0;
			defaultConfigurationName = Release;
		};
		52D0ADDA244E2286003F3149 /* Build configuration list for PBXNativeTarget "SampleApp" */ = {
			isa = XCConfigurationList;
			buildConfigurations = (
				52D0ADDB244E2286003F3149 /* Debug */,
				52D0ADDC244E2286003F3149 /* Release */,
			);
			defaultConfigurationIsVisible = 0;
			defaultConfigurationName = Release;
		};
/* End XCConfigurationList section */
	};
	rootObject = 52D0ADB9244E2285003F3149 /* Project object */;
}
