// !$*UTF8*$!
{
	archiveVersion = 1;
	classes = {
	};
	objectVersion = 50;
	objects = {

/* Begin PBXBuildFile section */
		5202DAB724509DBC0031FB82 /* NewsViewController.m in Sources */ = {isa = PBXBuildFile; fileRef = 5202DAB624509DBC0031FB82 /* NewsViewController.m */; };
		5202DABA2450D5720031FB82 /* VideoViewController.m in Sources */ = {isa = PBXBuildFile; fileRef = 5202DAB92450D5720031FB82 /* VideoViewController.m */; };
		524D2AF62451F244000AAC8D /* RecommendViewController.m in Sources */ = {isa = PBXBuildFile; fileRef = 524D2AF52451F244000AAC8D /* RecommendViewController.m */; };
		524D2AF924523C9C000AAC8D /* NormalTableViewCell.m in Sources */ = {isa = PBXBuildFile; fileRef = 524D2AF824523C9C000AAC8D /* NormalTableViewCell.m */; };
		52D0ADC6244E2285003F3149 /* AppDelegate.m in Sources */ = {isa = PBXBuildFile; fileRef = 52D0ADC5244E2285003F3149 /* AppDelegate.m */; };
		52D0ADCC244E2285003F3149 /* ContactViewController.m in Sources */ = {isa = PBXBuildFile; fileRef = 52D0ADCB244E2285003F3149 /* ContactViewController.m */; };
		52D0ADD1244E2286003F3149 /* Assets.xcassets in Resources */ = {isa = PBXBuildFile; fileRef = 52D0ADD0244E2286003F3149 /* Assets.xcassets */; };
		52D0ADD4244E2286003F3149 /* LaunchScreen.storyboard in Resources */ = {isa = PBXBuildFile; fileRef = 52D0ADD2244E2286003F3149 /* LaunchScreen.storyboard */; };
		52D0ADD7244E2286003F3149 /* main.m in Sources */ = {isa = PBXBuildFile; fileRef = 52D0ADD6244E2286003F3149 /* main.m */; };
/* End PBXBuildFile section */

/* Begin PBXFileReference section */
		5202DAB524509DBC0031FB82 /* NewsViewController.h */ = {isa = PBXFileReference; lastKnownFileType = sourcecode.c.h; path = NewsViewController.h; sourceTree = "<group>"; };
		5202DAB624509DBC0031FB82 /* NewsViewController.m */ = {isa = PBXFileReference; lastKnownFileType = sourcecode.c.objc; path = NewsViewController.m; sourceTree = "<group>"; };
		5202DAB82450D5720031FB82 /* VideoViewController.h */ = {isa = PBXFileReference; lastKnownFileType = sourcecode.c.h; path = VideoViewController.h; sourceTree = "<group>"; };
		5202DAB92450D5720031FB82 /* VideoViewController.m */ = {isa = PBXFileReference; lastKnownFileType = sourcecode.c.objc; path = VideoViewController.m; sourceTree = "<group>"; };
		524D2AF42451F244000AAC8D /* RecommendViewController.h */ = {isa = PBXFileReference; lastKnownFileType = sourcecode.c.h; path = RecommendViewController.h; sourceTree = "<group>"; };
		524D2AF52451F244000AAC8D /* RecommendViewController.m */ = {isa = PBXFileReference; lastKnownFileType = sourcecode.c.objc; path = RecommendViewController.m; sourceTree = "<group>"; };
		524D2AF724523C9C000AAC8D /* NormalTableViewCell.h */ = {isa = PBXFileReference; lastKnownFileType = sourcecode.c.h; path = NormalTableViewCell.h; sourceTree = "<group>"; };
		524D2AF824523C9C000AAC8D /* NormalTableViewCell.m */ = {isa = PBXFileReference; lastKnownFileType = sourcecode.c.objc; path = NormalTableViewCell.m; sourceTree = "<group>"; };
		527A126224538260008FAA73 /* ContactViewController.h */ = {isa = PBXFileReference; fileEncoding = 4; lastKnownFileType = sourcecode.c.h; path = ContactViewController.h; sourceTree = "<group>"; };
		52D0ADC1244E2285003F3149 /* SampleApp.app */ = {isa = PBXFileReference; explicitFileType = wrapper.application; includeInIndex = 0; path = SampleApp.app; sourceTree = BUILT_PRODUCTS_DIR; };
		52D0ADC4244E2285003F3149 /* AppDelegate.h */ = {isa = PBXFileReference; lastKnownFileType = sourcecode.c.h; path = AppDelegate.h; sourceTree = "<group>"; };
		52D0ADC5244E2285003F3149 /* AppDelegate.m */ = {isa = PBXFileReference; lastKnownFileType = sourcecode.c.objc; path = AppDelegate.m; sourceTree = "<group>"; };
		52D0ADCB244E2285003F3149 /* ContactViewController.m */ = {isa = PBXFileReference; lastKnownFileType = sourcecode.c.objc; path = ContactViewController.m; sourceTree = "<group>"; };
		52D0ADD0244E2286003F3149 /* Assets.xcassets */ = {isa = PBXFileReference; lastKnownFileType = folder.assetcatalog; path = Assets.xcassets; sourceTree = "<group>"; };
		52D0ADD3244E2286003F3149 /* Base */ = {isa = PBXFileReference; lastKnownFileType = file.storyboard; name = Base; path = Base.lproj/LaunchScreen.storyboard; sourceTree = "<group>"; };
		52D0ADD5244E2286003F3149 /* Info.plist */ = {isa = PBXFileReference; lastKnownFileType = text.plist.xml; path = Info.plist; sourceTree = "<group>"; };
		52D0ADD6244E2286003F3149 /* main.m */ = {isa = PBXFileReference; lastKnownFileType = sourcecode.c.objc; path = main.m; sourceTree = "<group>"; };
/* End PBXFileReference section */

/* Begin PBXFrameworksBuildPhase section */
		52D0ADBE244E2285003F3149 /* Frameworks */ = {
			isa = PBXFrameworksBuildPhase;
			buildActionMask = 2147483647;
			files = (
			);
			runOnlyForDeploymentPostprocessing = 0;
		};
/* End PBXFrameworksBuildPhase section */

/* Begin PBXGroup section */
		52D0ADB8244E2285003F3149 = {
			isa = PBXGroup;
			children = (
				52D0ADC3244E2285003F3149 /* SampleApp */,
				52D0ADC2244E2285003F3149 /* Products */,
			);
			sourceTree = "<group>";
		};
		52D0ADC2244E2285003F3149 /* Products */ = {
			isa = PBXGroup;
			children = (
				52D0ADC1244E2285003F3149 /* SampleApp.app */,
			);
			name = Products;
			sourceTree = "<group>";
		};
		52D0ADC3244E2285003F3149 /* SampleApp */ = {
			isa = PBXGroup;
			children = (
				52D0ADC4244E2285003F3149 /* AppDelegate.h */,
				52D0ADC5244E2285003F3149 /* AppDelegate.m */,
				527A126224538260008FAA73 /* ContactViewController.h */,
				52D0ADCB244E2285003F3149 /* ContactViewController.m */,
				5202DAB82450D5720031FB82 /* VideoViewController.h */,
				5202DAB92450D5720031FB82 /* VideoViewController.m */,
				5202DAB524509DBC0031FB82 /* NewsViewController.h */,
				5202DAB624509DBC0031FB82 /* NewsViewController.m */,
				524D2AF42451F244000AAC8D /* RecommendViewController.h */,
				524D2AF52451F244000AAC8D /* RecommendViewController.m */,
				52D0ADD0244E2286003F3149 /* Assets.xcassets */,
				52D0ADD2244E2286003F3149 /* LaunchScreen.storyboard */,
				52D0ADD5244E2286003F3149 /* Info.plist */,
				52D0ADD6244E2286003F3149 /* main.m */,
				524D2AF724523C9C000AAC8D /* NormalTableViewCell.h */,
				524D2AF824523C9C000AAC8D /* NormalTableViewCell.m */,
			);
			path = SampleApp;
			sourceTree = "<group>";
		};
/* End PBXGroup section */

/* Begin PBXNativeTarget section */
		52D0ADC0244E2285003F3149 /* SampleApp */ = {
			isa = PBXNativeTarget;
			buildConfigurationList = 52D0ADDA244E2286003F3149 /* Build configuration list for PBXNativeTarget "SampleApp" */;
			buildPhases = (
				52D0ADBD244E2285003F3149 /* Sources */,
				52D0ADBE244E2285003F3149 /* Frameworks */,
				52D0ADBF244E2285003F3149 /* Resources */,
			);
			buildRules = (
			);
			dependencies = (
			);
			name = SampleApp;
			productName = SampleApp;
			productReference = 52D0ADC1244E2285003F3149 /* SampleApp.app */;
			productType = "com.apple.product-type.application";
		};
/* End PBXNativeTarget section */

/* Begin PBXProject section */
		52D0ADB9244E2285003F3149 /* Project object */ = {
			isa = PBXProject;
			attributes = {
				LastUpgradeCheck = 1140;
				ORGANIZATIONNAME = "John Lee";
				TargetAttributes = {
					52D0ADC0244E2285003F3149 = {
						CreatedOnToolsVersion = 11.4.1;
					};
				};
			};
			buildConfigurationList = 52D0ADBC244E2285003F3149 /* Build configuration list for PBXProject "SampleApp" */;
			compatibilityVersion = "Xcode 9.3";
			developmentRegion = en;
			hasScannedForEncodings = 0;
			knownRegions = (
				en,
				Base,
			);
			mainGroup = 52D0ADB8244E2285003F3149;
			productRefGroup = 52D0ADC2244E2285003F3149 /* Products */;
			projectDirPath = "";
			projectRoot = "";
			targets = (
				52D0ADC0244E2285003F3149 /* SampleApp */,
			);
		};
/* End PBXProject section */

/* Begin PBXResourcesBuildPhase section */
		52D0ADBF244E2285003F3149 /* Resources */ = {
			isa = PBXResourcesBuildPhase;
			buildActionMask = 2147483647;
			files = (
				52D0ADD4244E2286003F3149 /* LaunchScreen.storyboard in Resources */,
				52D0ADD1244E2286003F3149 /* Assets.xcassets in Resources */,
			);
			runOnlyForDeploymentPostprocessing = 0;
		};
/* End PBXResourcesBuildPhase section */

/* Begin PBXSourcesBuildPhase section */
		52D0ADBD244E2285003F3149 /* Sources */ = {
			isa = PBXSourcesBuildPhase;
			buildActionMask = 2147483647;
			files = (
				5202DABA2450D5720031FB82 /* VideoViewController.m in Sources */,
				52D0ADCC244E2285003F3149 /* ContactViewController.m in Sources */,
				5202DAB724509DBC0031FB82 /* NewsViewController.m in Sources */,
				52D0ADC6244E2285003F3149 /* AppDelegate.m in Sources */,
				52D0ADD7244E2286003F3149 /* main.m in Sources */,
				524D2AF62451F244000AAC8D /* RecommendViewController.m in Sources */,
				524D2AF924523C9C000AAC8D /* NormalTableViewCell.m in Sources */,
			);
			runOnlyForDeploymentPostprocessing = 0;
		};
/* End PBXSourcesBuildPhase section */

/* Begin PBXVariantGroup section */
		52D0ADD2244E2286003F3149 /* LaunchScreen.storyboard */ = {
			isa = PBXVariantGroup;
			children = (
				52D0ADD3244E2286003F3149 /* Base */,
			);
			name = LaunchScreen.storyboard;
			sourceTree = "<group>";
		};
/* End PBXVariantGroup section */

/* Begin XCBuildConfiguration section */
		52D0ADD8244E2286003F3149 /* Debug */ = {
			isa = XCBuildConfiguration;
			buildSettings = {
				ALWAYS_SEARCH_USER_PATHS = NO;
				CLANG_ANALYZER_NONNULL = YES;
				CLANG_ANALYZER_NUMBER_OBJECT_CONVERSION = YES_AGGRESSIVE;
				CLANG_CXX_LANGUAGE_STANDARD = "gnu++14";
				CLANG_CXX_LIBRARY = "libc++";
				CLANG_ENABLE_MODULES = YES;
				CLANG_ENABLE_OBJC_ARC = YES;
				CLANG_ENABLE_OBJC_WEAK = YES;
				CLANG_WARN_BLOCK_CAPTURE_AUTORELEASING = YES;
				CLANG_WARN_BOOL_CONVERSION = YES;
				CLANG_WARN_COMMA = YES;
				CLANG_WARN_CONSTANT_CONVERSION = YES;
				CLANG_WARN_DEPRECATED_OBJC_IMPLEMENTATIONS = YES;
				CLANG_WARN_DIRECT_OBJC_ISA_USAGE = YES_ERROR;
				CLANG_WARN_DOCUMENTATION_COMMENTS = YES;
				CLANG_WARN_EMPTY_BODY = YES;
				CLANG_WARN_ENUM_CONVERSION = YES;
				CLANG_WARN_INFINITE_RECURSION = YES;
				CLANG_WARN_INT_CONVERSION = YES;
				CLANG_WARN_NON_LITERAL_NULL_CONVERSION = YES;
				CLANG_WARN_OBJC_IMPLICIT_RETAIN_SELF = YES;
				CLANG_WARN_OBJC_LITERAL_CONVERSION = YES;
				CLANG_WARN_OBJC_ROOT_CLASS = YES_ERROR;
				CLANG_WARN_RANGE_LOOP_ANALYSIS = YES;
				CLANG_WARN_STRICT_PROTOTYPES = YES;
				CLANG_WARN_SUSPICIOUS_MOVE = YES;
				CLANG_WARN_UNGUARDED_AVAILABILITY = YES_AGGRESSIVE;
				CLANG_WARN_UNREACHABLE_CODE = YES;
				CLANG_WARN__DUPLICATE_METHOD_MATCH = YES;
				COPY_PHASE_STRIP = NO;
				DEBUG_INFORMATION_FORMAT = dwarf;
				ENABLE_STRICT_OBJC_MSGSEND = YES;
				ENABLE_TESTABILITY = YES;
				GCC_C_LANGUAGE_STANDARD = gnu11;
				GCC_DYNAMIC_NO_PIC = NO;
				GCC_NO_COMMON_BLOCKS = YES;
				GCC_OPTIMIZATION_LEVEL = 0;
				GCC_PREPROCESSOR_DEFINITIONS = (
					"DEBUG=1",
					"$(inherited)",
				);
				GCC_WARN_64_TO_32_BIT_CONVERSION = YES;
				GCC_WARN_ABOUT_RETURN_TYPE = YES_ERROR;
				GCC_WARN_UNDECLARED_SELECTOR = YES;
				GCC_WARN_UNINITIALIZED_AUTOS = YES_AGGRESSIVE;
				GCC_WARN_UNUSED_FUNCTION = YES;
				GCC_WARN_UNUSED_VARIABLE = YES;
				IPHONEOS_DEPLOYMENT_TARGET = 13.0;
				MTL_ENABLE_DEBUG_INFO = INCLUDE_SOURCE;
				MTL_FAST_MATH = YES;
				ONLY_ACTIVE_ARCH = YES;
				SDKROOT = iphoneos;
			};
			name = Debug;
		};
		52D0ADD9244E2286003F3149 /* Release */ = {
			isa = XCBuildConfiguration;
			buildSettings = {
				ALWAYS_SEARCH_USER_PATHS = NO;
				CLANG_ANALYZER_NONNULL = YES;
				CLANG_ANALYZER_NUMBER_OBJECT_CONVERSION = YES_AGGRESSIVE;
				CLANG_CXX_LANGUAGE_STANDARD = "gnu++14";
				CLANG_CXX_LIBRARY = "libc++";
				CLANG_ENABLE_MODULES = YES;
				CLANG_ENABLE_OBJC_ARC = YES;
				CLANG_ENABLE_OBJC_WEAK = YES;
				CLANG_WARN_BLOCK_CAPTURE_AUTORELEASING = YES;
				CLANG_WARN_BOOL_CONVERSION = YES;
				CLANG_WARN_COMMA = YES;
				CLANG_WARN_CONSTANT_CONVERSION = YES;
				CLANG_WARN_DEPRECATED_OBJC_IMPLEMENTATIONS = YES;
				CLANG_WARN_DIRECT_OBJC_ISA_USAGE = YES_ERROR;
				CLANG_WARN_DOCUMENTATION_COMMENTS = YES;
				CLANG_WARN_EMPTY_BODY = YES;
				CLANG_WARN_ENUM_CONVERSION = YES;
				CLANG_WARN_INFINITE_RECURSION = YES;
				CLANG_WARN_INT_CONVERSION = YES;
				CLANG_WARN_NON_LITERAL_NULL_CONVERSION = YES;
				CLANG_WARN_OBJC_IMPLICIT_RETAIN_SELF = YES;
				CLANG_WARN_OBJC_LITERAL_CONVERSION = YES;
				CLANG_WARN_OBJC_ROOT_CLASS = YES_ERROR;
				CLANG_WARN_RANGE_LOOP_ANALYSIS = YES;
				CLANG_WARN_STRICT_PROTOTYPES = YES;
				CLANG_WARN_SUSPICIOUS_MOVE = YES;
				CLANG_WARN_UNGUARDED_AVAILABILITY = YES_AGGRESSIVE;
				CLANG_WARN_UNREACHABLE_CODE = YES;
				CLANG_WARN__DUPLICATE_METHOD_MATCH = YES;
				COPY_PHASE_STRIP = NO;
				DEBUG_INFORMATION_FORMAT = "dwarf-with-dsym";
				ENABLE_NS_ASSERTIONS = NO;
				ENABLE_STRICT_OBJC_MSGSEND = YES;
				GCC_C_LANGUAGE_STANDARD = gnu11;
				GCC_NO_COMMON_BLOCKS = YES;
				GCC_WARN_64_TO_32_BIT_CONVERSION = YES;
				GCC_WARN_ABOUT_RETURN_TYPE = YES_ERROR;
				GCC_WARN_UNDECLARED_SELECTOR = YES;
				GCC_WARN_UNINITIALIZED_AUTOS = YES_AGGRESSIVE;
				GCC_WARN_UNUSED_FUNCTION = YES;
				GCC_WARN_UNUSED_VARIABLE = YES;
				IPHONEOS_DEPLOYMENT_TARGET = 13.0;
				MTL_ENABLE_DEBUG_INFO = NO;
				MTL_FAST_MATH = YES;
				SDKROOT = iphoneos;
				VALIDATE_PRODUCT = YES;
			};
			name = Release;
		};
		52D0ADDB244E2286003F3149 /* Debug */ = {
			isa = XCBuildConfiguration;
			buildSettings = {
				ASSETCATALOG_COMPILER_APPICON_NAME = AppIcon;
				CODE_SIGN_STYLE = Automatic;
				DEVELOPMENT_TEAM = S9RF67765F;
				INFOPLIST_FILE = SampleApp/Info.plist;
				LD_RUNPATH_SEARCH_PATHS = (
					"$(inherited)",
					"@executable_path/Frameworks",
				);
				PRODUCT_BUNDLE_IDENTIFIER = com.phenix.SampleApp;
				PRODUCT_NAME = "$(TARGET_NAME)";
				TARGETED_DEVICE_FAMILY = 1;
			};
			name = Debug;
		};
		52D0ADDC244E2286003F3149 /* Release */ = {
			isa = XCBuildConfiguration;
			buildSettings = {
				ASSETCATALOG_COMPILER_APPICON_NAME = AppIcon;
				CODE_SIGN_STYLE = Automatic;
				DEVELOPMENT_TEAM = S9RF67765F;
				INFOPLIST_FILE = SampleApp/Info.plist;
				LD_RUNPATH_SEARCH_PATHS = (
					"$(inherited)",
					"@executable_path/Frameworks",
				);
				PRODUCT_BUNDLE_IDENTIFIER = com.phenix.SampleApp;
				PRODUCT_NAME = "$(TARGET_NAME)";
				TARGETED_DEVICE_FAMILY = 1;
			};
			name = Release;
		};
/* End XCBuildConfiguration section */

/* Begin XCConfigurationList section */
		52D0ADBC244E2285003F3149 /* Build configuration list for PBXProject "SampleApp" */ = {
			isa = XCConfigurationList;
			buildConfigurations = (
				52D0ADD8244E2286003F3149 /* Debug */,
				52D0ADD9244E2286003F3149 /* Release */,
			);
			defaultConfigurationIsVisible = 0;
			defaultConfigurationName = Release;
		};
		52D0ADDA244E2286003F3149 /* Build configuration list for PBXNativeTarget "SampleApp" */ = {
			isa = XCConfigurationList;
			buildConfigurations = (
				52D0ADDB244E2286003F3149 /* Debug */,
				52D0ADDC244E2286003F3149 /* Release */,
			);
			defaultConfigurationIsVisible = 0;
			defaultConfigurationName = Release;
		};
/* End XCConfigurationList section */
	};
	rootObject = 52D0ADB9244E2285003F3149 /* Project object */;
}
